
Microsoft Visual Studio Solution File, Format Version 12.00
Project("{FAE04EC0-301F-11D3-BF4B-00C04F79EFBC}") = "CachingProxy", "CachingProxy\CachingProxy.csproj", "{5A0BC18C-529A-4FB4-9917-326B4CF2021E}"
EndProject
Project("{2150E333-8FDC-42A3-9474-1A3956D46DE8}") = "SolutionFolder", "SolutionFolder", "{8FCADA10-B8C2-4082-91AE-63FBCA623DCA}"
ProjectSection(SolutionItems) = preProject
	cache-redirector.sln.DotSettings = ArtifactsCachingProxy.sln.DotSettings
	README.txt = README.txt
EndProjectSection
EndProject
Project("{FAE04EC0-301F-11D3-BF4B-00C04F79EFBC}") = "CachingProxyTests", "CachingProxyTests\CachingProxyTests.csproj", "{1460FFCE-B691-422B-B14C-97177B6A4446}"
EndProject
Global
	GlobalSection(SolutionConfigurationPlatforms) = preSolution
		Debug|Any CPU = Debug|Any CPU
		Release|Any CPU = Release|Any CPU
	EndGlobalSection
	GlobalSection(ProjectConfigurationPlatforms) = postSolution
		{5A0BC18C-529A-4FB4-9917-326B4CF2021E}.Debug|Any CPU.ActiveCfg = Debug|Any CPU
		{5A0BC18C-529A-4FB4-9917-326B4CF2021E}.Debug|Any CPU.Build.0 = Debug|Any CPU
		{5A0BC18C-529A-4FB4-9917-326B4CF2021E}.Release|Any CPU.ActiveCfg = Release|Any CPU
		{5A0BC18C-529A-4FB4-9917-326B4CF2021E}.Release|Any CPU.Build.0 = Release|Any CPU
		{1460FFCE-B691-422B-B14C-97177B6A4446}.Debug|Any CPU.ActiveCfg = Debug|Any CPU
		{1460FFCE-B691-422B-B14C-97177B6A4446}.Debug|Any CPU.Build.0 = Debug|Any CPU
		{1460FFCE-B691-422B-B14C-97177B6A4446}.Release|Any CPU.ActiveCfg = Release|Any CPU
		{1460FFCE-B691-422B-B14C-97177B6A4446}.Release|Any CPU.Build.0 = Release|Any CPU
	EndGlobalSection
EndGlobal
